// !$*UTF8*$!
{
	archiveVersion = 1;
	classes = {
	};
	objectVersion = 50;
	objects = {

/* Begin PBXBuildFile section */
		3A5E859325FE34EF0039B96D /* AppDelegate.swift in Sources */ = {isa = PBXBuildFile; fileRef = 3A5E859225FE34EF0039B96D /* AppDelegate.swift */; };
		3A5E859525FE34EF0039B96D /* SceneDelegate.swift in Sources */ = {isa = PBXBuildFile; fileRef = 3A5E859425FE34EF0039B96D /* SceneDelegate.swift */; };
		3A5E859725FE34EF0039B96D /* ViewController.swift in Sources */ = {isa = PBXBuildFile; fileRef = 3A5E859625FE34EF0039B96D /* ViewController.swift */; };
		3A5E859A25FE34EF0039B96D /* Main.storyboard in Resources */ = {isa = PBXBuildFile; fileRef = 3A5E859825FE34EF0039B96D /* Main.storyboard */; };
		3A5E859C25FE34F30039B96D /* Assets.xcassets in Resources */ = {isa = PBXBuildFile; fileRef = 3A5E859B25FE34F30039B96D /* Assets.xcassets */; };
		3A5E859F25FE34F30039B96D /* LaunchScreen.storyboard in Resources */ = {isa = PBXBuildFile; fileRef = 3A5E859D25FE34F30039B96D /* LaunchScreen.storyboard */; };
		3A5E85AA25FE34F40039B96D /* Task2AppTests.swift in Sources */ = {isa = PBXBuildFile; fileRef = 3A5E85A925FE34F40039B96D /* Task2AppTests.swift */; };
		3A5E85B525FE34F40039B96D /* Task2AppUITests.swift in Sources */ = {isa = PBXBuildFile; fileRef = 3A5E85B425FE34F40039B96D /* Task2AppUITests.swift */; };
		4E47D0E97B0EEB0CAAB51791 /* Pods_Task2AppTests.framework in Frameworks */ = {isa = PBXBuildFile; fileRef = 8B9C95634D5BE6B722089C6D /* Pods_Task2AppTests.framework */; };
		B09A8CD24B4A2526C18EA406 /* Pods_Task2App.framework in Frameworks */ = {isa = PBXBuildFile; fileRef = 8EB5CDAE361DA9606F7A31E9 /* Pods_Task2App.framework */; };
		C03413C9071FA58926C25599 /* Pods_Task2App_Task2AppUITests.framework in Frameworks */ = {isa = PBXBuildFile; fileRef = 49607060D4FD6E96E955C4A9 /* Pods_Task2App_Task2AppUITests.framework */; };
/* End PBXBuildFile section */

/* Begin PBXContainerItemProxy section */
		3A5E85A625FE34F40039B96D /* PBXContainerItemProxy */ = {
			isa = PBXContainerItemProxy;
			containerPortal = 3A5E858725FE34EF0039B96D /* Project object */;
			proxyType = 1;
			remoteGlobalIDString = 3A5E858E25FE34EF0039B96D;
			remoteInfo = Task2App;
		};
		3A5E85B125FE34F40039B96D /* PBXContainerItemProxy */ = {
			isa = PBXContainerItemProxy;
			containerPortal = 3A5E858725FE34EF0039B96D /* Project object */;
			proxyType = 1;
			remoteGlobalIDString = 3A5E858E25FE34EF0039B96D;
			remoteInfo = Task2App;
		};
/* End PBXContainerItemProxy section */

/* Begin PBXFileReference section */
		3A5E858F25FE34EF0039B96D /* Task2App.app */ = {isa = PBXFileReference; explicitFileType = wrapper.application; includeInIndex = 0; path = Task2App.app; sourceTree = BUILT_PRODUCTS_DIR; };
		3A5E859225FE34EF0039B96D /* AppDelegate.swift */ = {isa = PBXFileReference; lastKnownFileType = sourcecode.swift; path = AppDelegate.swift; sourceTree = "<group>"; };
		3A5E859425FE34EF0039B96D /* SceneDelegate.swift */ = {isa = PBXFileReference; lastKnownFileType = sourcecode.swift; path = SceneDelegate.swift; sourceTree = "<group>"; };
		3A5E859625FE34EF0039B96D /* ViewController.swift */ = {isa = PBXFileReference; lastKnownFileType = sourcecode.swift; path = ViewController.swift; sourceTree = "<group>"; };
		3A5E859925FE34EF0039B96D /* Base */ = {isa = PBXFileReference; lastKnownFileType = file.storyboard; name = Base; path = Base.lproj/Main.storyboard; sourceTree = "<group>"; };
		3A5E859B25FE34F30039B96D /* Assets.xcassets */ = {isa = PBXFileReference; lastKnownFileType = folder.assetcatalog; path = Assets.xcassets; sourceTree = "<group>"; };
		3A5E859E25FE34F30039B96D /* Base */ = {isa = PBXFileReference; lastKnownFileType = file.storyboard; name = Base; path = Base.lproj/LaunchScreen.storyboard; sourceTree = "<group>"; };
		3A5E85A025FE34F30039B96D /* Info.plist */ = {isa = PBXFileReference; lastKnownFileType = text.plist.xml; path = Info.plist; sourceTree = "<group>"; };
		3A5E85A525FE34F40039B96D /* Task2AppTests.xctest */ = {isa = PBXFileReference; explicitFileType = wrapper.cfbundle; includeInIndex = 0; path = Task2AppTests.xctest; sourceTree = BUILT_PRODUCTS_DIR; };
		3A5E85A925FE34F40039B96D /* Task2AppTests.swift */ = {isa = PBXFileReference; lastKnownFileType = sourcecode.swift; path = Task2AppTests.swift; sourceTree = "<group>"; };
		3A5E85AB25FE34F40039B96D /* Info.plist */ = {isa = PBXFileReference; lastKnownFileType = text.plist.xml; path = Info.plist; sourceTree = "<group>"; };
		3A5E85B025FE34F40039B96D /* Task2AppUITests.xctest */ = {isa = PBXFileReference; explicitFileType = wrapper.cfbundle; includeInIndex = 0; path = Task2AppUITests.xctest; sourceTree = BUILT_PRODUCTS_DIR; };
		3A5E85B425FE34F40039B96D /* Task2AppUITests.swift */ = {isa = PBXFileReference; lastKnownFileType = sourcecode.swift; path = Task2AppUITests.swift; sourceTree = "<group>"; };
		3A5E85B625FE34F40039B96D /* Info.plist */ = {isa = PBXFileReference; lastKnownFileType = text.plist.xml; path = Info.plist; sourceTree = "<group>"; };
		49607060D4FD6E96E955C4A9 /* Pods_Task2App_Task2AppUITests.framework */ = {isa = PBXFileReference; explicitFileType = wrapper.framework; includeInIndex = 0; path = Pods_Task2App_Task2AppUITests.framework; sourceTree = BUILT_PRODUCTS_DIR; };
		54B46CC85CEB801CF03667C9 /* Pods-Task2App-Task2AppUITests.debug.xcconfig */ = {isa = PBXFileReference; includeInIndex = 1; lastKnownFileType = text.xcconfig; name = "Pods-Task2App-Task2AppUITests.debug.xcconfig"; path = "Target Support Files/Pods-Task2App-Task2AppUITests/Pods-Task2App-Task2AppUITests.debug.xcconfig"; sourceTree = "<group>"; };
		79710F9950F65A1F4794FA2B /* Pods-Task2App.release.xcconfig */ = {isa = PBXFileReference; includeInIndex = 1; lastKnownFileType = text.xcconfig; name = "Pods-Task2App.release.xcconfig"; path = "Target Support Files/Pods-Task2App/Pods-Task2App.release.xcconfig"; sourceTree = "<group>"; };
		7F65693D04E09441D9D2D71B /* Pods-Task2App-Task2AppUITests.release.xcconfig */ = {isa = PBXFileReference; includeInIndex = 1; lastKnownFileType = text.xcconfig; name = "Pods-Task2App-Task2AppUITests.release.xcconfig"; path = "Target Support Files/Pods-Task2App-Task2AppUITests/Pods-Task2App-Task2AppUITests.release.xcconfig"; sourceTree = "<group>"; };
		8875B4F6D6B119226D010230 /* Pods-Task2AppTests.release.xcconfig */ = {isa = PBXFileReference; includeInIndex = 1; lastKnownFileType = text.xcconfig; name = "Pods-Task2AppTests.release.xcconfig"; path = "Target Support Files/Pods-Task2AppTests/Pods-Task2AppTests.release.xcconfig"; sourceTree = "<group>"; };
		8B9C95634D5BE6B722089C6D /* Pods_Task2AppTests.framework */ = {isa = PBXFileReference; explicitFileType = wrapper.framework; includeInIndex = 0; path = Pods_Task2AppTests.framework; sourceTree = BUILT_PRODUCTS_DIR; };
		8EB5CDAE361DA9606F7A31E9 /* Pods_Task2App.framework */ = {isa = PBXFileReference; explicitFileType = wrapper.framework; includeInIndex = 0; path = Pods_Task2App.framework; sourceTree = BUILT_PRODUCTS_DIR; };
		D289C0489742735A2CB45F4E /* Pods-Task2AppTests.debug.xcconfig */ = {isa = PBXFileReference; includeInIndex = 1; lastKnownFileType = text.xcconfig; name = "Pods-Task2AppTests.debug.xcconfig"; path = "Target Support Files/Pods-Task2AppTests/Pods-Task2AppTests.debug.xcconfig"; sourceTree = "<group>"; };
		D7CBFB14C51C46DE296F2FEA /* Pods-Task2App.debug.xcconfig */ = {isa = PBXFileReference; includeInIndex = 1; lastKnownFileType = text.xcconfig; name = "Pods-Task2App.debug.xcconfig"; path = "Target Support Files/Pods-Task2App/Pods-Task2App.debug.xcconfig"; sourceTree = "<group>"; };
/* End PBXFileReference section */

/* Begin PBXFrameworksBuildPhase section */
		3A5E858C25FE34EF0039B96D /* Frameworks */ = {
			isa = PBXFrameworksBuildPhase;
			buildActionMask = 2147483647;
			files = (
				B09A8CD24B4A2526C18EA406 /* Pods_Task2App.framework in Frameworks */,
			);
			runOnlyForDeploymentPostprocessing = 0;
		};
		3A5E85A225FE34F40039B96D /* Frameworks */ = {
			isa = PBXFrameworksBuildPhase;
			buildActionMask = 2147483647;
			files = (
				4E47D0E97B0EEB0CAAB51791 /* Pods_Task2AppTests.framework in Frameworks */,
			);
			runOnlyForDeploymentPostprocessing = 0;
		};
		3A5E85AD25FE34F40039B96D /* Frameworks */ = {
			isa = PBXFrameworksBuildPhase;
			buildActionMask = 2147483647;
			files = (
				C03413C9071FA58926C25599 /* Pods_Task2App_Task2AppUITests.framework in Frameworks */,
			);
			runOnlyForDeploymentPostprocessing = 0;
		};
/* End PBXFrameworksBuildPhase section */

/* Begin PBXGroup section */
		3A5E858625FE34EF0039B96D = {
			isa = PBXGroup;
			children = (
				3A5E859125FE34EF0039B96D /* Task2App */,
				3A5E85A825FE34F40039B96D /* Task2AppTests */,
				3A5E85B325FE34F40039B96D /* Task2AppUITests */,
				3A5E859025FE34EF0039B96D /* Products */,
				835213F2CB6CDB0C4B7949E1 /* Pods */,
				EF685DC472C4DA163AF371B9 /* Frameworks */,
			);
			sourceTree = "<group>";
		};
		3A5E859025FE34EF0039B96D /* Products */ = {
			isa = PBXGroup;
			children = (
				3A5E858F25FE34EF0039B96D /* Task2App.app */,
				3A5E85A525FE34F40039B96D /* Task2AppTests.xctest */,
				3A5E85B025FE34F40039B96D /* Task2AppUITests.xctest */,
			);
			name = Products;
			sourceTree = "<group>";
		};
		3A5E859125FE34EF0039B96D /* Task2App */ = {
			isa = PBXGroup;
			children = (
				3A5E859225FE34EF0039B96D /* AppDelegate.swift */,
				3A5E859425FE34EF0039B96D /* SceneDelegate.swift */,
				3A5E859625FE34EF0039B96D /* ViewController.swift */,
				3A5E859825FE34EF0039B96D /* Main.storyboard */,
				3A5E859B25FE34F30039B96D /* Assets.xcassets */,
				3A5E859D25FE34F30039B96D /* LaunchScreen.storyboard */,
				3A5E85A025FE34F30039B96D /* Info.plist */,
			);
			path = Task2App;
			sourceTree = "<group>";
		};
		3A5E85A825FE34F40039B96D /* Task2AppTests */ = {
			isa = PBXGroup;
			children = (
				3A5E85A925FE34F40039B96D /* Task2AppTests.swift */,
				3A5E85AB25FE34F40039B96D /* Info.plist */,
			);
			path = Task2AppTests;
			sourceTree = "<group>";
		};
		3A5E85B325FE34F40039B96D /* Task2AppUITests */ = {
			isa = PBXGroup;
			children = (
				3A5E85B425FE34F40039B96D /* Task2AppUITests.swift */,
				3A5E85B625FE34F40039B96D /* Info.plist */,
			);
			path = Task2AppUITests;
			sourceTree = "<group>";
		};
		835213F2CB6CDB0C4B7949E1 /* Pods */ = {
			isa = PBXGroup;
			children = (
				D7CBFB14C51C46DE296F2FEA /* Pods-Task2App.debug.xcconfig */,
				79710F9950F65A1F4794FA2B /* Pods-Task2App.release.xcconfig */,
				54B46CC85CEB801CF03667C9 /* Pods-Task2App-Task2AppUITests.debug.xcconfig */,
				7F65693D04E09441D9D2D71B /* Pods-Task2App-Task2AppUITests.release.xcconfig */,
				D289C0489742735A2CB45F4E /* Pods-Task2AppTests.debug.xcconfig */,
				8875B4F6D6B119226D010230 /* Pods-Task2AppTests.release.xcconfig */,
			);
			path = Pods;
			sourceTree = "<group>";
		};
		EF685DC472C4DA163AF371B9 /* Frameworks */ = {
			isa = PBXGroup;
			children = (
				8EB5CDAE361DA9606F7A31E9 /* Pods_Task2App.framework */,
				49607060D4FD6E96E955C4A9 /* Pods_Task2App_Task2AppUITests.framework */,
				8B9C95634D5BE6B722089C6D /* Pods_Task2AppTests.framework */,
			);
			name = Frameworks;
			sourceTree = "<group>";
		};
/* End PBXGroup section */

/* Begin PBXNativeTarget section */
		3A5E858E25FE34EF0039B96D /* Task2App */ = {
			isa = PBXNativeTarget;
			buildConfigurationList = 3A5E85B925FE34F40039B96D /* Build configuration list for PBXNativeTarget "Task2App" */;
			buildPhases = (
				C6484D209EDEA8FE82CD60C0 /* [CP] Check Pods Manifest.lock */,
				3A5E858B25FE34EF0039B96D /* Sources */,
				3A5E858C25FE34EF0039B96D /* Frameworks */,
				3A5E858D25FE34EF0039B96D /* Resources */,
				3A7945962606A52D00986CE6 /* ShellScript */,
			);
			buildRules = (
			);
			dependencies = (
			);
			name = Task2App;
			productName = Task2App;
			productReference = 3A5E858F25FE34EF0039B96D /* Task2App.app */;
			productType = "com.apple.product-type.application";
		};
		3A5E85A425FE34F40039B96D /* Task2AppTests */ = {
			isa = PBXNativeTarget;
			buildConfigurationList = 3A5E85BC25FE34F40039B96D /* Build configuration list for PBXNativeTarget "Task2AppTests" */;
			buildPhases = (
				A8D011E196A1F0D39B4DF31C /* [CP] Check Pods Manifest.lock */,
				3A5E85A125FE34F40039B96D /* Sources */,
				3A5E85A225FE34F40039B96D /* Frameworks */,
				3A5E85A325FE34F40039B96D /* Resources */,
			);
			buildRules = (
			);
			dependencies = (
				3A5E85A725FE34F40039B96D /* PBXTargetDependency */,
			);
			name = Task2AppTests;
			productName = Task2AppTests;
			productReference = 3A5E85A525FE34F40039B96D /* Task2AppTests.xctest */;
			productType = "com.apple.product-type.bundle.unit-test";
		};
		3A5E85AF25FE34F40039B96D /* Task2AppUITests */ = {
			isa = PBXNativeTarget;
			buildConfigurationList = 3A5E85BF25FE34F40039B96D /* Build configuration list for PBXNativeTarget "Task2AppUITests" */;
			buildPhases = (
				26F6B12C6D6993C4DE5BF46F /* [CP] Check Pods Manifest.lock */,
				3A5E85AC25FE34F40039B96D /* Sources */,
				3A5E85AD25FE34F40039B96D /* Frameworks */,
				3A5E85AE25FE34F40039B96D /* Resources */,
			);
			buildRules = (
			);
			dependencies = (
				3A5E85B225FE34F40039B96D /* PBXTargetDependency */,
			);
			name = Task2AppUITests;
			productName = Task2AppUITests;
			productReference = 3A5E85B025FE34F40039B96D /* Task2AppUITests.xctest */;
			productType = "com.apple.product-type.bundle.ui-testing";
		};
/* End PBXNativeTarget section */

/* Begin PBXProject section */
		3A5E858725FE34EF0039B96D /* Project object */ = {
			isa = PBXProject;
			attributes = {
				LastSwiftUpdateCheck = 1240;
				LastUpgradeCheck = 1240;
				TargetAttributes = {
					3A5E858E25FE34EF0039B96D = {
						CreatedOnToolsVersion = 12.4;
					};
					3A5E85A425FE34F40039B96D = {
						CreatedOnToolsVersion = 12.4;
						TestTargetID = 3A5E858E25FE34EF0039B96D;
					};
					3A5E85AF25FE34F40039B96D = {
						CreatedOnToolsVersion = 12.4;
						TestTargetID = 3A5E858E25FE34EF0039B96D;
					};
				};
			};
			buildConfigurationList = 3A5E858A25FE34EF0039B96D /* Build configuration list for PBXProject "Task2App" */;
			compatibilityVersion = "Xcode 9.3";
			developmentRegion = en;
			hasScannedForEncodings = 0;
			knownRegions = (
				en,
				Base,
			);
			mainGroup = 3A5E858625FE34EF0039B96D;
			productRefGroup = 3A5E859025FE34EF0039B96D /* Products */;
			projectDirPath = "";
			projectRoot = "";
			targets = (
				3A5E858E25FE34EF0039B96D /* Task2App */,
				3A5E85A425FE34F40039B96D /* Task2AppTests */,
				3A5E85AF25FE34F40039B96D /* Task2AppUITests */,
			);
		};
/* End PBXProject section */

/* Begin PBXResourcesBuildPhase section */
		3A5E858D25FE34EF0039B96D /* Resources */ = {
			isa = PBXResourcesBuildPhase;
			buildActionMask = 2147483647;
			files = (
				3A5E859F25FE34F30039B96D /* LaunchScreen.storyboard in Resources */,
				3A5E859C25FE34F30039B96D /* Assets.xcassets in Resources */,
				3A5E859A25FE34EF0039B96D /* Main.storyboard in Resources */,
			);
			runOnlyForDeploymentPostprocessing = 0;
		};
		3A5E85A325FE34F40039B96D /* Resources */ = {
			isa = PBXResourcesBuildPhase;
			buildActionMask = 2147483647;
			files = (
			);
			runOnlyForDeploymentPostprocessing = 0;
		};
		3A5E85AE25FE34F40039B96D /* Resources */ = {
			isa = PBXResourcesBuildPhase;
			buildActionMask = 2147483647;
			files = (
			);
			runOnlyForDeploymentPostprocessing = 0;
		};
/* End PBXResourcesBuildPhase section */

/* Begin PBXShellScriptBuildPhase section */
		26F6B12C6D6993C4DE5BF46F /* [CP] Check Pods Manifest.lock */ = {
			isa = PBXShellScriptBuildPhase;
			buildActionMask = 2147483647;
			files = (
			);
			inputFileListPaths = (
			);
			inputPaths = (
				"${PODS_PODFILE_DIR_PATH}/Podfile.lock",
				"${PODS_ROOT}/Manifest.lock",
			);
			name = "[CP] Check Pods Manifest.lock";
			outputFileListPaths = (
			);
			outputPaths = (
				"$(DERIVED_FILE_DIR)/Pods-Task2App-Task2AppUITests-checkManifestLockResult.txt",
			);
			runOnlyForDeploymentPostprocessing = 0;
			shellPath = /bin/sh;
			shellScript = "diff \"${PODS_PODFILE_DIR_PATH}/Podfile.lock\" \"${PODS_ROOT}/Manifest.lock\" > /dev/null\nif [ $? != 0 ] ; then\n    # print error to STDERR\n    echo \"error: The sandbox is not in sync with the Podfile.lock. Run 'pod install' or update your CocoaPods installation.\" >&2\n    exit 1\nfi\n# This output is used by Xcode 'outputs' to avoid re-running this script phase.\necho \"SUCCESS\" > \"${SCRIPT_OUTPUT_FILE_0}\"\n";
			showEnvVarsInLog = 0;
		};
		3A7945962606A52D00986CE6 /* ShellScript */ = {
			isa = PBXShellScriptBuildPhase;
			buildActionMask = 2147483647;
			files = (
			);
			inputFileListPaths = (
			);
			inputPaths = (
			);
			outputFileListPaths = (
			);
			outputPaths = (
			);
			runOnlyForDeploymentPostprocessing = 0;
			shellPath = /bin/sh;
			shellScript = "if which swiftlint >/dev/null; then\n  swiftlint\nelse\n  echo \"warning: SwiftLint not installed, download from https://github.com/realm/SwiftLint\"\nfi\n";
		};
		A8D011E196A1F0D39B4DF31C /* [CP] Check Pods Manifest.lock */ = {
			isa = PBXShellScriptBuildPhase;
			buildActionMask = 2147483647;
			files = (
			);
			inputFileListPaths = (
			);
			inputPaths = (
				"${PODS_PODFILE_DIR_PATH}/Podfile.lock",
				"${PODS_ROOT}/Manifest.lock",
			);
			name = "[CP] Check Pods Manifest.lock";
			outputFileListPaths = (
			);
			outputPaths = (
				"$(DERIVED_FILE_DIR)/Pods-Task2AppTests-checkManifestLockResult.txt",
			);
			runOnlyForDeploymentPostprocessing = 0;
			shellPath = /bin/sh;
			shellScript = "diff \"${PODS_PODFILE_DIR_PATH}/Podfile.lock\" \"${PODS_ROOT}/Manifest.lock\" > /dev/null\nif [ $? != 0 ] ; then\n    # print error to STDERR\n    echo \"error: The sandbox is not in sync with the Podfile.lock. Run 'pod install' or update your CocoaPods installation.\" >&2\n    exit 1\nfi\n# This output is used by Xcode 'outputs' to avoid re-running this script phase.\necho \"SUCCESS\" > \"${SCRIPT_OUTPUT_FILE_0}\"\n";
			showEnvVarsInLog = 0;
		};
		C6484D209EDEA8FE82CD60C0 /* [CP] Check Pods Manifest.lock */ = {
			isa = PBXShellScriptBuildPhase;
			buildActionMask = 2147483647;
			files = (
			);
			inputFileListPaths = (
			);
			inputPaths = (
				"${PODS_PODFILE_DIR_PATH}/Podfile.lock",
				"${PODS_ROOT}/Manifest.lock",
			);
			name = "[CP] Check Pods Manifest.lock";
			outputFileListPaths = (
			);
			outputPaths = (
				"$(DERIVED_FILE_DIR)/Pods-Task2App-checkManifestLockResult.txt",
			);
			runOnlyForDeploymentPostprocessing = 0;
			shellPath = /bin/sh;
			shellScript = "diff \"${PODS_PODFILE_DIR_PATH}/Podfile.lock\" \"${PODS_ROOT}/Manifest.lock\" > /dev/null\nif [ $? != 0 ] ; then\n    # print error to STDERR\n    echo \"error: The sandbox is not in sync with the Podfile.lock. Run 'pod install' or update your CocoaPods installation.\" >&2\n    exit 1\nfi\n# This output is used by Xcode 'outputs' to avoid re-running this script phase.\necho \"SUCCESS\" > \"${SCRIPT_OUTPUT_FILE_0}\"\n";
			showEnvVarsInLog = 0;
		};
/* End PBXShellScriptBuildPhase section */

/* Begin PBXSourcesBuildPhase section */
		3A5E858B25FE34EF0039B96D /* Sources */ = {
			isa = PBXSourcesBuildPhase;
			buildActionMask = 2147483647;
			files = (
				3A5E859725FE34EF0039B96D /* ViewController.swift in Sources */,
				3A5E859325FE34EF0039B96D /* AppDelegate.swift in Sources */,
				3A5E859525FE34EF0039B96D /* SceneDelegate.swift in Sources */,
			);
			runOnlyForDeploymentPostprocessing = 0;
		};
		3A5E85A125FE34F40039B96D /* Sources */ = {
			isa = PBXSourcesBuildPhase;
			buildActionMask = 2147483647;
			files = (
				3A5E85AA25FE34F40039B96D /* Task2AppTests.swift in Sources */,
			);
			runOnlyForDeploymentPostprocessing = 0;
		};
		3A5E85AC25FE34F40039B96D /* Sources */ = {
			isa = PBXSourcesBuildPhase;
			buildActionMask = 2147483647;
			files = (
				3A5E85B525FE34F40039B96D /* Task2AppUITests.swift in Sources */,
			);
			runOnlyForDeploymentPostprocessing = 0;
		};
/* End PBXSourcesBuildPhase section */

/* Begin PBXTargetDependency section */
		3A5E85A725FE34F40039B96D /* PBXTargetDependency */ = {
			isa = PBXTargetDependency;
			target = 3A5E858E25FE34EF0039B96D /* Task2App */;
			targetProxy = 3A5E85A625FE34F40039B96D /* PBXContainerItemProxy */;
		};
		3A5E85B225FE34F40039B96D /* PBXTargetDependency */ = {
			isa = PBXTargetDependency;
			target = 3A5E858E25FE34EF0039B96D /* Task2App */;
			targetProxy = 3A5E85B125FE34F40039B96D /* PBXContainerItemProxy */;
		};
/* End PBXTargetDependency section */

/* Begin PBXVariantGroup section */
		3A5E859825FE34EF0039B96D /* Main.storyboard */ = {
			isa = PBXVariantGroup;
			children = (
				3A5E859925FE34EF0039B96D /* Base */,
			);
			name = Main.storyboard;
			sourceTree = "<group>";
		};
		3A5E859D25FE34F30039B96D /* LaunchScreen.storyboard */ = {
			isa = PBXVariantGroup;
			children = (
				3A5E859E25FE34F30039B96D /* Base */,
			);
			name = LaunchScreen.storyboard;
			sourceTree = "<group>";
		};
/* End PBXVariantGroup section */

/* Begin XCBuildConfiguration section */
		3A5E85B725FE34F40039B96D /* Debug */ = {
			isa = XCBuildConfiguration;
			buildSettings = {
				ALWAYS_SEARCH_USER_PATHS = NO;
				CLANG_ANALYZER_NONNULL = YES;
				CLANG_ANALYZER_NUMBER_OBJECT_CONVERSION = YES_AGGRESSIVE;
				CLANG_CXX_LANGUAGE_STANDARD = "gnu++14";
				CLANG_CXX_LIBRARY = "libc++";
				CLANG_ENABLE_MODULES = YES;
				CLANG_ENABLE_OBJC_ARC = YES;
				CLANG_ENABLE_OBJC_WEAK = YES;
				CLANG_WARN_BLOCK_CAPTURE_AUTORELEASING = YES;
				CLANG_WARN_BOOL_CONVERSION = YES;
				CLANG_WARN_COMMA = YES;
				CLANG_WARN_CONSTANT_CONVERSION = YES;
				CLANG_WARN_DEPRECATED_OBJC_IMPLEMENTATIONS = YES;
				CLANG_WARN_DIRECT_OBJC_ISA_USAGE = YES_ERROR;
				CLANG_WARN_DOCUMENTATION_COMMENTS = YES;
				CLANG_WARN_EMPTY_BODY = YES;
				CLANG_WARN_ENUM_CONVERSION = YES;
				CLANG_WARN_INFINITE_RECURSION = YES;
				CLANG_WARN_INT_CONVERSION = YES;
				CLANG_WARN_NON_LITERAL_NULL_CONVERSION = YES;
				CLANG_WARN_OBJC_IMPLICIT_RETAIN_SELF = YES;
				CLANG_WARN_OBJC_LITERAL_CONVERSION = YES;
				CLANG_WARN_OBJC_ROOT_CLASS = YES_ERROR;
				CLANG_WARN_QUOTED_INCLUDE_IN_FRAMEWORK_HEADER = YES;
				CLANG_WARN_RANGE_LOOP_ANALYSIS = YES;
				CLANG_WARN_STRICT_PROTOTYPES = YES;
				CLANG_WARN_SUSPICIOUS_MOVE = YES;
				CLANG_WARN_UNGUARDED_AVAILABILITY = YES_AGGRESSIVE;
				CLANG_WARN_UNREACHABLE_CODE = YES;
				CLANG_WARN__DUPLICATE_METHOD_MATCH = YES;
				COPY_PHASE_STRIP = NO;
				DEBUG_INFORMATION_FORMAT = dwarf;
				ENABLE_STRICT_OBJC_MSGSEND = YES;
				ENABLE_TESTABILITY = YES;
				GCC_C_LANGUAGE_STANDARD = gnu11;
				GCC_DYNAMIC_NO_PIC = NO;
				GCC_NO_COMMON_BLOCKS = YES;
				GCC_OPTIMIZATION_LEVEL = 0;
				GCC_PREPROCESSOR_DEFINITIONS = (
					"DEBUG=1",
					"$(inherited)",
				);
				GCC_WARN_64_TO_32_BIT_CONVERSION = YES;
				GCC_WARN_ABOUT_RETURN_TYPE = YES_ERROR;
				GCC_WARN_UNDECLARED_SELECTOR = YES;
				GCC_WARN_UNINITIALIZED_AUTOS = YES_AGGRESSIVE;
				GCC_WARN_UNUSED_FUNCTION = YES;
				GCC_WARN_UNUSED_VARIABLE = YES;
				IPHONEOS_DEPLOYMENT_TARGET = 14.4;
				MTL_ENABLE_DEBUG_INFO = INCLUDE_SOURCE;
				MTL_FAST_MATH = YES;
				ONLY_ACTIVE_ARCH = YES;
				SDKROOT = iphoneos;
				SWIFT_ACTIVE_COMPILATION_CONDITIONS = DEBUG;
				SWIFT_OPTIMIZATION_LEVEL = "-Onone";
			};
			name = Debug;
		};
		3A5E85B825FE34F40039B96D /* Release */ = {
			isa = XCBuildConfiguration;
			buildSettings = {
				ALWAYS_SEARCH_USER_PATHS = NO;
				CLANG_ANALYZER_NONNULL = YES;
				CLANG_ANALYZER_NUMBER_OBJECT_CONVERSION = YES_AGGRESSIVE;
				CLANG_CXX_LANGUAGE_STANDARD = "gnu++14";
				CLANG_CXX_LIBRARY = "libc++";
				CLANG_ENABLE_MODULES = YES;
				CLANG_ENABLE_OBJC_ARC = YES;
				CLANG_ENABLE_OBJC_WEAK = YES;
				CLANG_WARN_BLOCK_CAPTURE_AUTORELEASING = YES;
				CLANG_WARN_BOOL_CONVERSION = YES;
				CLANG_WARN_COMMA = YES;
				CLANG_WARN_CONSTANT_CONVERSION = YES;
				CLANG_WARN_DEPRECATED_OBJC_IMPLEMENTATIONS = YES;
				CLANG_WARN_DIRECT_OBJC_ISA_USAGE = YES_ERROR;
				CLANG_WARN_DOCUMENTATION_COMMENTS = YES;
				CLANG_WARN_EMPTY_BODY = YES;
				CLANG_WARN_ENUM_CONVERSION = YES;
				CLANG_WARN_INFINITE_RECURSION = YES;
				CLANG_WARN_INT_CONVERSION = YES;
				CLANG_WARN_NON_LITERAL_NULL_CONVERSION = YES;
				CLANG_WARN_OBJC_IMPLICIT_RETAIN_SELF = YES;
				CLANG_WARN_OBJC_LITERAL_CONVERSION = YES;
				CLANG_WARN_OBJC_ROOT_CLASS = YES_ERROR;
				CLANG_WARN_QUOTED_INCLUDE_IN_FRAMEWORK_HEADER = YES;
				CLANG_WARN_RANGE_LOOP_ANALYSIS = YES;
				CLANG_WARN_STRICT_PROTOTYPES = YES;
				CLANG_WARN_SUSPICIOUS_MOVE = YES;
				CLANG_WARN_UNGUARDED_AVAILABILITY = YES_AGGRESSIVE;
				CLANG_WARN_UNREACHABLE_CODE = YES;
				CLANG_WARN__DUPLICATE_METHOD_MATCH = YES;
				COPY_PHASE_STRIP = NO;
				DEBUG_INFORMATION_FORMAT = "dwarf-with-dsym";
				ENABLE_NS_ASSERTIONS = NO;
				ENABLE_STRICT_OBJC_MSGSEND = YES;
				GCC_C_LANGUAGE_STANDARD = gnu11;
				GCC_NO_COMMON_BLOCKS = YES;
				GCC_WARN_64_TO_32_BIT_CONVERSION = YES;
				GCC_WARN_ABOUT_RETURN_TYPE = YES_ERROR;
				GCC_WARN_UNDECLARED_SELECTOR = YES;
				GCC_WARN_UNINITIALIZED_AUTOS = YES_AGGRESSIVE;
				GCC_WARN_UNUSED_FUNCTION = YES;
				GCC_WARN_UNUSED_VARIABLE = YES;
				IPHONEOS_DEPLOYMENT_TARGET = 14.4;
				MTL_ENABLE_DEBUG_INFO = NO;
				MTL_FAST_MATH = YES;
				SDKROOT = iphoneos;
				SWIFT_COMPILATION_MODE = wholemodule;
				SWIFT_OPTIMIZATION_LEVEL = "-O";
				VALIDATE_PRODUCT = YES;
			};
			name = Release;
		};
		3A5E85BA25FE34F40039B96D /* Debug */ = {
			isa = XCBuildConfiguration;
			baseConfigurationReference = D7CBFB14C51C46DE296F2FEA /* Pods-Task2App.debug.xcconfig */;
			buildSettings = {
				ASSETCATALOG_COMPILER_APPICON_NAME = AppIcon;
				ASSETCATALOG_COMPILER_GLOBAL_ACCENT_COLOR_NAME = AccentColor;
				CODE_SIGN_STYLE = Automatic;
				DEVELOPMENT_TEAM = 2C3T8C23P9;
				INFOPLIST_FILE = Task2App/Info.plist;
				LD_RUNPATH_SEARCH_PATHS = (
					"$(inherited)",
					"@executable_path/Frameworks",
				);
				PRODUCT_BUNDLE_IDENTIFIER = kiyoshi.Task2App;
				PRODUCT_NAME = "$(TARGET_NAME)";
				SWIFT_VERSION = 5.0;
				TARGETED_DEVICE_FAMILY = "1,2";
			};
			name = Debug;
		};
		3A5E85BB25FE34F40039B96D /* Release */ = {
			isa = XCBuildConfiguration;
			baseConfigurationReference = 79710F9950F65A1F4794FA2B /* Pods-Task2App.release.xcconfig */;
			buildSettings = {
				ASSETCATALOG_COMPILER_APPICON_NAME = AppIcon;
				ASSETCATALOG_COMPILER_GLOBAL_ACCENT_COLOR_NAME = AccentColor;
				CODE_SIGN_STYLE = Automatic;
				DEVELOPMENT_TEAM = 2C3T8C23P9;
				INFOPLIST_FILE = Task2App/Info.plist;
				LD_RUNPATH_SEARCH_PATHS = (
					"$(inherited)",
					"@executable_path/Frameworks",
				);
				PRODUCT_BUNDLE_IDENTIFIER = kiyoshi.Task2App;
				PRODUCT_NAME = "$(TARGET_NAME)";
				SWIFT_VERSION = 5.0;
				TARGETED_DEVICE_FAMILY = "1,2";
			};
			name = Release;
		};
		3A5E85BD25FE34F40039B96D /* Debug */ = {
			isa = XCBuildConfiguration;
			baseConfigurationReference = D289C0489742735A2CB45F4E /* Pods-Task2AppTests.debug.xcconfig */;
			buildSettings = {
				ALWAYS_EMBED_SWIFT_STANDARD_LIBRARIES = YES;
				BUNDLE_LOADER = "$(TEST_HOST)";
				CODE_SIGN_STYLE = Automatic;
				DEVELOPMENT_TEAM = 2C3T8C23P9;
				INFOPLIST_FILE = Task2AppTests/Info.plist;
				IPHONEOS_DEPLOYMENT_TARGET = 14.4;
				LD_RUNPATH_SEARCH_PATHS = (
					"$(inherited)",
					"@executable_path/Frameworks",
					"@loader_path/Frameworks",
				);
				PRODUCT_BUNDLE_IDENTIFIER = kiyoshi.Task2AppTests;
				PRODUCT_NAME = "$(TARGET_NAME)";
				SWIFT_VERSION = 5.0;
				TARGETED_DEVICE_FAMILY = "1,2";
				TEST_HOST = "$(BUILT_PRODUCTS_DIR)/Task2App.app/Task2App";
			};
			name = Debug;
		};
		3A5E85BE25FE34F40039B96D /* Release */ = {
			isa = XCBuildConfiguration;
			baseConfigurationReference = 8875B4F6D6B119226D010230 /* Pods-Task2AppTests.release.xcconfig */;
			buildSettings = {
				ALWAYS_EMBED_SWIFT_STANDARD_LIBRARIES = YES;
				BUNDLE_LOADER = "$(TEST_HOST)";
				CODE_SIGN_STYLE = Automatic;
				DEVELOPMENT_TEAM = 2C3T8C23P9;
				INFOPLIST_FILE = Task2AppTests/Info.plist;
				IPHONEOS_DEPLOYMENT_TARGET = 14.4;
				LD_RUNPATH_SEARCH_PATHS = (
					"$(inherited)",
					"@executable_path/Frameworks",
					"@loader_path/Frameworks",
				);
				PRODUCT_BUNDLE_IDENTIFIER = kiyoshi.Task2AppTests;
				PRODUCT_NAME = "$(TARGET_NAME)";
				SWIFT_VERSION = 5.0;
				TARGETED_DEVICE_FAMILY = "1,2";
				TEST_HOST = "$(BUILT_PRODUCTS_DIR)/Task2App.app/Task2App";
			};
			name = Release;
		};
		3A5E85C025FE34F40039B96D /* Debug */ = {
			isa = XCBuildConfiguration;
			baseConfigurationReference = 54B46CC85CEB801CF03667C9 /* Pods-Task2App-Task2AppUITests.debug.xcconfig */;
			buildSettings = {
				ALWAYS_EMBED_SWIFT_STANDARD_LIBRARIES = YES;
				CODE_SIGN_STYLE = Automatic;
				DEVELOPMENT_TEAM = 2C3T8C23P9;
				INFOPLIST_FILE = Task2AppUITests/Info.plist;
				LD_RUNPATH_SEARCH_PATHS = (
					"$(inherited)",
					"@executable_path/Frameworks",
					"@loader_path/Frameworks",
				);
				PRODUCT_BUNDLE_IDENTIFIER = kiyoshi.Task2AppUITests;
				PRODUCT_NAME = "$(TARGET_NAME)";
				SWIFT_VERSION = 5.0;
				TARGETED_DEVICE_FAMILY = "1,2";
				TEST_TARGET_NAME = Task2App;
			};
			name = Debug;
		};
		3A5E85C125FE34F40039B96D /* Release */ = {
			isa = XCBuildConfiguration;
			baseConfigurationReference = 7F65693D04E09441D9D2D71B /* Pods-Task2App-Task2AppUITests.release.xcconfig */;
			buildSettings = {
				ALWAYS_EMBED_SWIFT_STANDARD_LIBRARIES = YES;
				CODE_SIGN_STYLE = Automatic;
				DEVELOPMENT_TEAM = 2C3T8C23P9;
				INFOPLIST_FILE = Task2AppUITests/Info.plist;
				LD_RUNPATH_SEARCH_PATHS = (
					"$(inherited)",
					"@executable_path/Frameworks",
					"@loader_path/Frameworks",
				);
				PRODUCT_BUNDLE_IDENTIFIER = kiyoshi.Task2AppUITests;
				PRODUCT_NAME = "$(TARGET_NAME)";
				SWIFT_VERSION = 5.0;
				TARGETED_DEVICE_FAMILY = "1,2";
				TEST_TARGET_NAME = Task2App;
			};
			name = Release;
		};
/* End XCBuildConfiguration section */

/* Begin XCConfigurationList section */
		3A5E858A25FE34EF0039B96D /* Build configuration list for PBXProject "Task2App" */ = {
			isa = XCConfigurationList;
			buildConfigurations = (
				3A5E85B725FE34F40039B96D /* Debug */,
				3A5E85B825FE34F40039B96D /* Release */,
			);
			defaultConfigurationIsVisible = 0;
			defaultConfigurationName = Release;
		};
		3A5E85B925FE34F40039B96D /* Build configuration list for PBXNativeTarget "Task2App" */ = {
			isa = XCConfigurationList;
			buildConfigurations = (
				3A5E85BA25FE34F40039B96D /* Debug */,
				3A5E85BB25FE34F40039B96D /* Release */,
			);
			defaultConfigurationIsVisible = 0;
			defaultConfigurationName = Release;
		};
		3A5E85BC25FE34F40039B96D /* Build configuration list for PBXNativeTarget "Task2AppTests" */ = {
			isa = XCConfigurationList;
			buildConfigurations = (
				3A5E85BD25FE34F40039B96D /* Debug */,
				3A5E85BE25FE34F40039B96D /* Release */,
			);
			defaultConfigurationIsVisible = 0;
			defaultConfigurationName = Release;
		};
		3A5E85BF25FE34F40039B96D /* Build configuration list for PBXNativeTarget "Task2AppUITests" */ = {
			isa = XCConfigurationList;
			buildConfigurations = (
				3A5E85C025FE34F40039B96D /* Debug */,
				3A5E85C125FE34F40039B96D /* Release */,
			);
			defaultConfigurationIsVisible = 0;
			defaultConfigurationName = Release;
		};
/* End XCConfigurationList section */
	};
	rootObject = 3A5E858725FE34EF0039B96D /* Project object */;
}
